
Microsoft Visual Studio Solution File, Format Version 12.00
Project("{FAE04EC0-301F-11D3-BF4B-00C04F79EFBC}") = "SecretsSharingTool.Web", "SecretsSharingTool.Web\SecretsSharingTool.Web.csproj", "{BB365375-0075-40E8-BDB1-421F5C1AFD6F}"
EndProject
Project("{FAE04EC0-301F-11D3-BF4B-00C04F79EFBC}") = "SecretsSharingTool.Core", "SecretsSharingTool.Core\SecretsSharingTool.Core.csproj", "{45462C63-FF62-49C2-A8D5-A624212EBCE5}"
EndProject
Project("{2150E333-8FDC-42A3-9474-1A3956D46DE8}") = "tests", "tests", "{66872805-2E12-4F37-8E08-08C508201861}"
EndProject
Project("{FAE04EC0-301F-11D3-BF4B-00C04F79EFBC}") = "SecretsSharingTool.Core.Tests", "SecretsSharingTool.Core.Tests\SecretsSharingTool.Core.Tests.csproj", "{20B91B6D-C37F-4491-A848-C6BAE66A7C0A}"
EndProject
Project("{FAE04EC0-301F-11D3-BF4B-00C04F79EFBC}") = "SecretsSharingTool.Common.Tests", "SecretsSharingTool.Common.Tests\SecretsSharingTool.Common.Tests.csproj", "{2133FEDF-EBA3-49F9-826D-6CA3FBB76F86}"
EndProject
Project("{FAE04EC0-301F-11D3-BF4B-00C04F79EFBC}") = "SecretsSharingTool.Data", "SecretsSharingTool.Data\SecretsSharingTool.Data.csproj", "{ABF4C1C7-9EDC-4F13-BD65-ED600DD9F0B2}"
EndProject
Project("{FAE04EC0-301F-11D3-BF4B-00C04F79EFBC}") = "SecretsSharingTool.Data.Tests", "SecretsSharingTool.Data.Tests\SecretsSharingTool.Data.Tests.csproj", "{6A7E7FE5-8C7A-4E0F-9CCA-F63DB9FEC1EC}"
EndProject
Global
	GlobalSection(SolutionConfigurationPlatforms) = preSolution
		Debug|Any CPU = Debug|Any CPU
		Release|Any CPU = Release|Any CPU
	EndGlobalSection
	GlobalSection(ProjectConfigurationPlatforms) = postSolution
		{BB365375-0075-40E8-BDB1-421F5C1AFD6F}.Debug|Any CPU.ActiveCfg = Debug|Any CPU
		{BB365375-0075-40E8-BDB1-421F5C1AFD6F}.Debug|Any CPU.Build.0 = Debug|Any CPU
		{BB365375-0075-40E8-BDB1-421F5C1AFD6F}.Release|Any CPU.ActiveCfg = Release|Any CPU
		{BB365375-0075-40E8-BDB1-421F5C1AFD6F}.Release|Any CPU.Build.0 = Release|Any CPU
		{45462C63-FF62-49C2-A8D5-A624212EBCE5}.Debug|Any CPU.ActiveCfg = Debug|Any CPU
		{45462C63-FF62-49C2-A8D5-A624212EBCE5}.Debug|Any CPU.Build.0 = Debug|Any CPU
		{45462C63-FF62-49C2-A8D5-A624212EBCE5}.Release|Any CPU.ActiveCfg = Release|Any CPU
		{45462C63-FF62-49C2-A8D5-A624212EBCE5}.Release|Any CPU.Build.0 = Release|Any CPU
		{20B91B6D-C37F-4491-A848-C6BAE66A7C0A}.Debug|Any CPU.ActiveCfg = Debug|Any CPU
		{20B91B6D-C37F-4491-A848-C6BAE66A7C0A}.Debug|Any CPU.Build.0 = Debug|Any CPU
		{20B91B6D-C37F-4491-A848-C6BAE66A7C0A}.Release|Any CPU.ActiveCfg = Release|Any CPU
		{20B91B6D-C37F-4491-A848-C6BAE66A7C0A}.Release|Any CPU.Build.0 = Release|Any CPU
		{2133FEDF-EBA3-49F9-826D-6CA3FBB76F86}.Debug|Any CPU.ActiveCfg = Debug|Any CPU
		{2133FEDF-EBA3-49F9-826D-6CA3FBB76F86}.Debug|Any CPU.Build.0 = Debug|Any CPU
		{2133FEDF-EBA3-49F9-826D-6CA3FBB76F86}.Release|Any CPU.ActiveCfg = Release|Any CPU
		{2133FEDF-EBA3-49F9-826D-6CA3FBB76F86}.Release|Any CPU.Build.0 = Release|Any CPU
		{ABF4C1C7-9EDC-4F13-BD65-ED600DD9F0B2}.Debug|Any CPU.ActiveCfg = Debug|Any CPU
		{ABF4C1C7-9EDC-4F13-BD65-ED600DD9F0B2}.Debug|Any CPU.Build.0 = Debug|Any CPU
		{ABF4C1C7-9EDC-4F13-BD65-ED600DD9F0B2}.Release|Any CPU.ActiveCfg = Release|Any CPU
		{ABF4C1C7-9EDC-4F13-BD65-ED600DD9F0B2}.Release|Any CPU.Build.0 = Release|Any CPU
		{6A7E7FE5-8C7A-4E0F-9CCA-F63DB9FEC1EC}.Debug|Any CPU.ActiveCfg = Debug|Any CPU
		{6A7E7FE5-8C7A-4E0F-9CCA-F63DB9FEC1EC}.Debug|Any CPU.Build.0 = Debug|Any CPU
		{6A7E7FE5-8C7A-4E0F-9CCA-F63DB9FEC1EC}.Release|Any CPU.ActiveCfg = Release|Any CPU
		{6A7E7FE5-8C7A-4E0F-9CCA-F63DB9FEC1EC}.Release|Any CPU.Build.0 = Release|Any CPU
	EndGlobalSection
	GlobalSection(NestedProjects) = preSolution
		{20B91B6D-C37F-4491-A848-C6BAE66A7C0A} = {66872805-2E12-4F37-8E08-08C508201861}
		{2133FEDF-EBA3-49F9-826D-6CA3FBB76F86} = {66872805-2E12-4F37-8E08-08C508201861}
		{6A7E7FE5-8C7A-4E0F-9CCA-F63DB9FEC1EC} = {66872805-2E12-4F37-8E08-08C508201861}
	EndGlobalSection
EndGlobal
