
Microsoft Visual Studio Solution File, Format Version 12.00
Project("{FAE04EC0-301F-11D3-BF4B-00C04F79EFBC}") = "SecretsSharingTool.Api", "SecretsSharingTool.Api\SecretsSharingTool.Api.csproj", "{DA7BDA67-0B3A-4DBD-B866-36E435051C9C}"
EndProject
Project("{FAE04EC0-301F-11D3-BF4B-00C04F79EFBC}") = "SecretsSharingTool.Core", "SecretsSharingTool.Core\SecretsSharingTool.Core.csproj", "{A888FABC-6E70-40D5-B05D-95D70647A335}"
EndProject
Project("{FAE04EC0-301F-11D3-BF4B-00C04F79EFBC}") = "SecretsSharingTool.Core.Tests", "SecretsSharingTool.Core.Tests\SecretsSharingTool.Core.Tests.csproj", "{9B40ABB7-CF6F-4ECD-831D-8B9E518B0053}"
EndProject
Project("{FAE04EC0-301F-11D3-BF4B-00C04F79EFBC}") = "SecretsSharingTool.Data", "SecretsSharingTool.Data\SecretsSharingTool.Data.csproj", "{516A1D17-C482-4962-A4BD-4F4EC994D2D6}"
EndProject
Global
	GlobalSection(SolutionConfigurationPlatforms) = preSolution
		Debug|Any CPU = Debug|Any CPU
		Release|Any CPU = Release|Any CPU
	EndGlobalSection
	GlobalSection(ProjectConfigurationPlatforms) = postSolution
		{DA7BDA67-0B3A-4DBD-B866-36E435051C9C}.Debug|Any CPU.ActiveCfg = Debug|Any CPU
		{DA7BDA67-0B3A-4DBD-B866-36E435051C9C}.Debug|Any CPU.Build.0 = Debug|Any CPU
		{DA7BDA67-0B3A-4DBD-B866-36E435051C9C}.Release|Any CPU.ActiveCfg = Release|Any CPU
		{DA7BDA67-0B3A-4DBD-B866-36E435051C9C}.Release|Any CPU.Build.0 = Release|Any CPU
		{A888FABC-6E70-40D5-B05D-95D70647A335}.Debug|Any CPU.ActiveCfg = Debug|Any CPU
		{A888FABC-6E70-40D5-B05D-95D70647A335}.Debug|Any CPU.Build.0 = Debug|Any CPU
		{A888FABC-6E70-40D5-B05D-95D70647A335}.Release|Any CPU.ActiveCfg = Release|Any CPU
		{A888FABC-6E70-40D5-B05D-95D70647A335}.Release|Any CPU.Build.0 = Release|Any CPU
		{9B40ABB7-CF6F-4ECD-831D-8B9E518B0053}.Debug|Any CPU.ActiveCfg = Debug|Any CPU
		{9B40ABB7-CF6F-4ECD-831D-8B9E518B0053}.Debug|Any CPU.Build.0 = Debug|Any CPU
		{9B40ABB7-CF6F-4ECD-831D-8B9E518B0053}.Release|Any CPU.ActiveCfg = Release|Any CPU
		{9B40ABB7-CF6F-4ECD-831D-8B9E518B0053}.Release|Any CPU.Build.0 = Release|Any CPU
		{516A1D17-C482-4962-A4BD-4F4EC994D2D6}.Debug|Any CPU.ActiveCfg = Debug|Any CPU
		{516A1D17-C482-4962-A4BD-4F4EC994D2D6}.Debug|Any CPU.Build.0 = Debug|Any CPU
		{516A1D17-C482-4962-A4BD-4F4EC994D2D6}.Release|Any CPU.ActiveCfg = Release|Any CPU
		{516A1D17-C482-4962-A4BD-4F4EC994D2D6}.Release|Any CPU.Build.0 = Release|Any CPU
	EndGlobalSection
EndGlobal
